
Microsoft Visual Studio Solution File, Format Version 12.00
# Visual Studio 11
Project("{FAE04EC0-301F-11D3-BF4B-00C04F79EFBC}") = "DelivR", "DelivR\DelivR.csproj", "{F9A92DF9-5D84-4C35-BD83-4DD0145F2958}"
EndProject
Project("{FAE04EC0-301F-11D3-BF4B-00C04F79EFBC}") = "DelivR.Samples", "DelivR.Samples\DelivR.Samples.csproj", "{0B5CFBFF-E4E5-4660-8AA7-B13B06D4BDA5}"
EndProject
Project("{FAE04EC0-301F-11D3-BF4B-00C04F79EFBC}") = "DelivR.Samples.ScreenShare", "DelivR.Samples.ScreenShare\DelivR.Samples.ScreenShare.csproj", "{E5C063B1-5C76-4182-B5B9-78FE2BB4CF96}"
EndProject
Global
	GlobalSection(SolutionConfigurationPlatforms) = preSolution
		Debug|Any CPU = Debug|Any CPU
		Release|Any CPU = Release|Any CPU
	EndGlobalSection
	GlobalSection(ProjectConfigurationPlatforms) = postSolution
		{0B5CFBFF-E4E5-4660-8AA7-B13B06D4BDA5}.Debug|Any CPU.ActiveCfg = Debug|Any CPU
		{0B5CFBFF-E4E5-4660-8AA7-B13B06D4BDA5}.Debug|Any CPU.Build.0 = Debug|Any CPU
		{0B5CFBFF-E4E5-4660-8AA7-B13B06D4BDA5}.Release|Any CPU.ActiveCfg = Release|Any CPU
		{0B5CFBFF-E4E5-4660-8AA7-B13B06D4BDA5}.Release|Any CPU.Build.0 = Release|Any CPU
		{E5C063B1-5C76-4182-B5B9-78FE2BB4CF96}.Debug|Any CPU.ActiveCfg = Debug|Any CPU
		{E5C063B1-5C76-4182-B5B9-78FE2BB4CF96}.Debug|Any CPU.Build.0 = Debug|Any CPU
		{E5C063B1-5C76-4182-B5B9-78FE2BB4CF96}.Release|Any CPU.ActiveCfg = Release|Any CPU
		{E5C063B1-5C76-4182-B5B9-78FE2BB4CF96}.Release|Any CPU.Build.0 = Release|Any CPU
		{F9A92DF9-5D84-4C35-BD83-4DD0145F2958}.Debug|Any CPU.ActiveCfg = Debug|Any CPU
		{F9A92DF9-5D84-4C35-BD83-4DD0145F2958}.Debug|Any CPU.Build.0 = Debug|Any CPU
		{F9A92DF9-5D84-4C35-BD83-4DD0145F2958}.Release|Any CPU.ActiveCfg = Release|Any CPU
		{F9A92DF9-5D84-4C35-BD83-4DD0145F2958}.Release|Any CPU.Build.0 = Release|Any CPU
	EndGlobalSection
	GlobalSection(SolutionProperties) = preSolution
		HideSolutionNode = FALSE
	EndGlobalSection
EndGlobal
